# This file is automatically @generated by Cargo.
# It is not intended for manual editing.
version = 4

[[package]]
name = "multipeek"
version = "0.1.2"
source = "registry+https://github.com/rust-lang/crates.io-index"
checksum = "1d6b1cf1c2ae7c8c3898cbf8354ee836bc7037e35592d3739a9901d53c97b6a2"

[[package]]
name = "taco"
version = "0.1.0"
dependencies = [
 "multipeek",
 "tinyjson",
]

[[package]]
name = "tinyjson"
version = "2.5.1"
source = "registry+https://github.com/rust-lang/crates.io-index"
checksum = "9ab95735ea2c8fd51154d01e39cf13912a78071c2d89abc49a7ef102a7dd725a"
